
Microsoft Visual Studio Solution File, Format Version 12.00
# Visual Studio 15
VisualStudioVersion = 15.0.26430.16
MinimumVisualStudioVersion = 10.0.40219.1
Project("{FAE04EC0-301F-11D3-BF4B-00C04F79EFBC}") = "MagicMirror", "MagicMirror\MagicMirror.csproj", "{B05061B5-161F-4121-8A89-B349D444CA93}"
EndProject
Project("{FAE04EC0-301F-11D3-BF4B-00C04F79EFBC}") = "WeatherNetUWP", "WeatherNetUWP\WeatherNetUWP.csproj", "{0DDD635F-4B59-4689-AE51-83404D44C2AF}"
EndProject
Project("{FAE04EC0-301F-11D3-BF4B-00C04F79EFBC}") = "API.YouTube", "API.YouTube\API.YouTube.csproj", "{62110201-8027-4665-B07A-16DC74CB48D9}"
EndProject
Project("{FAE04EC0-301F-11D3-BF4B-00C04F79EFBC}") = "NcodedUniversal", "..\..\#lib\NcodedUniversal\NcodedUniversal.csproj", "{C1DFD3EE-E8C0-4CB5-8B44-A53D50AC2F8D}"
EndProject
Global
	GlobalSection(SolutionConfigurationPlatforms) = preSolution
		Debug|Any CPU = Debug|Any CPU
		Debug|ARM = Debug|ARM
		Debug|x64 = Debug|x64
		Debug|x86 = Debug|x86
		Release|Any CPU = Release|Any CPU
		Release|ARM = Release|ARM
		Release|x64 = Release|x64
		Release|x86 = Release|x86
	EndGlobalSection
	GlobalSection(ProjectConfigurationPlatforms) = postSolution
		{B05061B5-161F-4121-8A89-B349D444CA93}.Debug|Any CPU.ActiveCfg = Debug|x86
		{B05061B5-161F-4121-8A89-B349D444CA93}.Debug|Any CPU.Build.0 = Debug|x86
		{B05061B5-161F-4121-8A89-B349D444CA93}.Debug|Any CPU.Deploy.0 = Debug|x86
		{B05061B5-161F-4121-8A89-B349D444CA93}.Debug|ARM.ActiveCfg = Debug|ARM
		{B05061B5-161F-4121-8A89-B349D444CA93}.Debug|ARM.Build.0 = Debug|ARM
		{B05061B5-161F-4121-8A89-B349D444CA93}.Debug|ARM.Deploy.0 = Debug|ARM
		{B05061B5-161F-4121-8A89-B349D444CA93}.Debug|x64.ActiveCfg = Debug|x64
		{B05061B5-161F-4121-8A89-B349D444CA93}.Debug|x64.Build.0 = Debug|x64
		{B05061B5-161F-4121-8A89-B349D444CA93}.Debug|x64.Deploy.0 = Debug|x64
		{B05061B5-161F-4121-8A89-B349D444CA93}.Debug|x86.ActiveCfg = Debug|x86
		{B05061B5-161F-4121-8A89-B349D444CA93}.Debug|x86.Build.0 = Debug|x86
		{B05061B5-161F-4121-8A89-B349D444CA93}.Debug|x86.Deploy.0 = Debug|x86
		{B05061B5-161F-4121-8A89-B349D444CA93}.Release|Any CPU.ActiveCfg = Release|x86
		{B05061B5-161F-4121-8A89-B349D444CA93}.Release|ARM.ActiveCfg = Release|ARM
		{B05061B5-161F-4121-8A89-B349D444CA93}.Release|ARM.Build.0 = Release|ARM
		{B05061B5-161F-4121-8A89-B349D444CA93}.Release|ARM.Deploy.0 = Release|ARM
		{B05061B5-161F-4121-8A89-B349D444CA93}.Release|x64.ActiveCfg = Release|x64
		{B05061B5-161F-4121-8A89-B349D444CA93}.Release|x64.Build.0 = Release|x64
		{B05061B5-161F-4121-8A89-B349D444CA93}.Release|x64.Deploy.0 = Release|x64
		{B05061B5-161F-4121-8A89-B349D444CA93}.Release|x86.ActiveCfg = Release|x86
		{B05061B5-161F-4121-8A89-B349D444CA93}.Release|x86.Build.0 = Release|x86
		{B05061B5-161F-4121-8A89-B349D444CA93}.Release|x86.Deploy.0 = Release|x86
		{0DDD635F-4B59-4689-AE51-83404D44C2AF}.Debug|Any CPU.ActiveCfg = Debug|Any CPU
		{0DDD635F-4B59-4689-AE51-83404D44C2AF}.Debug|Any CPU.Build.0 = Debug|Any CPU
		{0DDD635F-4B59-4689-AE51-83404D44C2AF}.Debug|ARM.ActiveCfg = Debug|ARM
		{0DDD635F-4B59-4689-AE51-83404D44C2AF}.Debug|ARM.Build.0 = Debug|ARM
		{0DDD635F-4B59-4689-AE51-83404D44C2AF}.Debug|x64.ActiveCfg = Debug|x64
		{0DDD635F-4B59-4689-AE51-83404D44C2AF}.Debug|x64.Build.0 = Debug|x64
		{0DDD635F-4B59-4689-AE51-83404D44C2AF}.Debug|x86.ActiveCfg = Debug|x86
		{0DDD635F-4B59-4689-AE51-83404D44C2AF}.Debug|x86.Build.0 = Debug|x86
		{0DDD635F-4B59-4689-AE51-83404D44C2AF}.Release|Any CPU.ActiveCfg = Release|Any CPU
		{0DDD635F-4B59-4689-AE51-83404D44C2AF}.Release|Any CPU.Build.0 = Release|Any CPU
		{0DDD635F-4B59-4689-AE51-83404D44C2AF}.Release|ARM.ActiveCfg = Release|ARM
		{0DDD635F-4B59-4689-AE51-83404D44C2AF}.Release|ARM.Build.0 = Release|ARM
		{0DDD635F-4B59-4689-AE51-83404D44C2AF}.Release|x64.ActiveCfg = Release|x64
		{0DDD635F-4B59-4689-AE51-83404D44C2AF}.Release|x64.Build.0 = Release|x64
		{0DDD635F-4B59-4689-AE51-83404D44C2AF}.Release|x86.ActiveCfg = Release|x86
		{0DDD635F-4B59-4689-AE51-83404D44C2AF}.Release|x86.Build.0 = Release|x86
		{62110201-8027-4665-B07A-16DC74CB48D9}.Debug|Any CPU.ActiveCfg = Debug|Any CPU
		{62110201-8027-4665-B07A-16DC74CB48D9}.Debug|Any CPU.Build.0 = Debug|Any CPU
		{62110201-8027-4665-B07A-16DC74CB48D9}.Debug|ARM.ActiveCfg = Debug|ARM
		{62110201-8027-4665-B07A-16DC74CB48D9}.Debug|ARM.Build.0 = Debug|ARM
		{62110201-8027-4665-B07A-16DC74CB48D9}.Debug|x64.ActiveCfg = Debug|x64
		{62110201-8027-4665-B07A-16DC74CB48D9}.Debug|x64.Build.0 = Debug|x64
		{62110201-8027-4665-B07A-16DC74CB48D9}.Debug|x86.ActiveCfg = Debug|x86
		{62110201-8027-4665-B07A-16DC74CB48D9}.Debug|x86.Build.0 = Debug|x86
		{62110201-8027-4665-B07A-16DC74CB48D9}.Release|Any CPU.ActiveCfg = Release|Any CPU
		{62110201-8027-4665-B07A-16DC74CB48D9}.Release|Any CPU.Build.0 = Release|Any CPU
		{62110201-8027-4665-B07A-16DC74CB48D9}.Release|ARM.ActiveCfg = Release|ARM
		{62110201-8027-4665-B07A-16DC74CB48D9}.Release|ARM.Build.0 = Release|ARM
		{62110201-8027-4665-B07A-16DC74CB48D9}.Release|x64.ActiveCfg = Release|x64
		{62110201-8027-4665-B07A-16DC74CB48D9}.Release|x64.Build.0 = Release|x64
		{62110201-8027-4665-B07A-16DC74CB48D9}.Release|x86.ActiveCfg = Release|x86
		{62110201-8027-4665-B07A-16DC74CB48D9}.Release|x86.Build.0 = Release|x86
		{C1DFD3EE-E8C0-4CB5-8B44-A53D50AC2F8D}.Debug|Any CPU.ActiveCfg = Debug|Any CPU
		{C1DFD3EE-E8C0-4CB5-8B44-A53D50AC2F8D}.Debug|Any CPU.Build.0 = Debug|Any CPU
		{C1DFD3EE-E8C0-4CB5-8B44-A53D50AC2F8D}.Debug|ARM.ActiveCfg = Debug|ARM
		{C1DFD3EE-E8C0-4CB5-8B44-A53D50AC2F8D}.Debug|ARM.Build.0 = Debug|ARM
		{C1DFD3EE-E8C0-4CB5-8B44-A53D50AC2F8D}.Debug|x64.ActiveCfg = Debug|x64
		{C1DFD3EE-E8C0-4CB5-8B44-A53D50AC2F8D}.Debug|x64.Build.0 = Debug|x64
		{C1DFD3EE-E8C0-4CB5-8B44-A53D50AC2F8D}.Debug|x86.ActiveCfg = Debug|x86
		{C1DFD3EE-E8C0-4CB5-8B44-A53D50AC2F8D}.Debug|x86.Build.0 = Debug|x86
		{C1DFD3EE-E8C0-4CB5-8B44-A53D50AC2F8D}.Release|Any CPU.ActiveCfg = Release|Any CPU
		{C1DFD3EE-E8C0-4CB5-8B44-A53D50AC2F8D}.Release|Any CPU.Build.0 = Release|Any CPU
		{C1DFD3EE-E8C0-4CB5-8B44-A53D50AC2F8D}.Release|ARM.ActiveCfg = Release|ARM
		{C1DFD3EE-E8C0-4CB5-8B44-A53D50AC2F8D}.Release|ARM.Build.0 = Release|ARM
		{C1DFD3EE-E8C0-4CB5-8B44-A53D50AC2F8D}.Release|x64.ActiveCfg = Release|x64
		{C1DFD3EE-E8C0-4CB5-8B44-A53D50AC2F8D}.Release|x64.Build.0 = Release|x64
		{C1DFD3EE-E8C0-4CB5-8B44-A53D50AC2F8D}.Release|x86.ActiveCfg = Release|x86
		{C1DFD3EE-E8C0-4CB5-8B44-A53D50AC2F8D}.Release|x86.Build.0 = Release|x86
	EndGlobalSection
	GlobalSection(SolutionProperties) = preSolution
		HideSolutionNode = FALSE
	EndGlobalSection
EndGlobal
