
Microsoft Visual Studio Solution File, Format Version 12.00
# Visual Studio 15
VisualStudioVersion = 15.0.26430.16
MinimumVisualStudioVersion = 10.0.40219.1
Project("{FAE04EC0-301F-11D3-BF4B-00C04F79EFBC}") = "WeatherNetUWP", "WeatherNetUWP\WeatherNetUWP.csproj", "{0DDD635F-4B59-4689-AE51-83404D44C2AF}"
EndProject
Project("{FAE04EC0-301F-11D3-BF4B-00C04F79EFBC}") = "API.YouTube", "API.YouTube\API.YouTube.csproj", "{62110201-8027-4665-B07A-16DC74CB48D9}"
EndProject
Project("{FAE04EC0-301F-11D3-BF4B-00C04F79EFBC}") = "ConfigServer", "ConfigServer\ConfigServer.csproj", "{3C78C63F-DB30-453B-91D6-E02389B70361}"
EndProject
Project("{FAE04EC0-301F-11D3-BF4B-00C04F79EFBC}") = "MagicMirror", "MagicMirror\MagicMirror.csproj", "{F6C9E8A0-E8C4-45FD-9A93-6ACC213348C6}"
EndProject
Project("{FAE04EC0-301F-11D3-BF4B-00C04F79EFBC}") = "NcodedUniversal", "D:\Dropbox\Work\dev\vs\#lib\NcodedUniversal\NcodedUniversal.csproj", "{C1DFD3EE-E8C0-4CB5-8B44-A53D50AC2F8D}"
EndProject
Project("{FAE04EC0-301F-11D3-BF4B-00C04F79EFBC}") = "AWSMagicMirror", "AWSMagicMirror\AWSMagicMirror.csproj", "{E9FDE2FF-EA43-4C6D-8082-A433C92FE2AA}"
EndProject
Global
	GlobalSection(SolutionConfigurationPlatforms) = preSolution
		Debug|Any CPU = Debug|Any CPU
		Debug|ARM = Debug|ARM
		Debug|x64 = Debug|x64
		Debug|x86 = Debug|x86
		Release|Any CPU = Release|Any CPU
		Release|ARM = Release|ARM
		Release|x64 = Release|x64
		Release|x86 = Release|x86
	EndGlobalSection
	GlobalSection(ProjectConfigurationPlatforms) = postSolution
		{0DDD635F-4B59-4689-AE51-83404D44C2AF}.Debug|Any CPU.ActiveCfg = Debug|Any CPU
		{0DDD635F-4B59-4689-AE51-83404D44C2AF}.Debug|Any CPU.Build.0 = Debug|Any CPU
		{0DDD635F-4B59-4689-AE51-83404D44C2AF}.Debug|ARM.ActiveCfg = Debug|ARM
		{0DDD635F-4B59-4689-AE51-83404D44C2AF}.Debug|ARM.Build.0 = Debug|ARM
		{0DDD635F-4B59-4689-AE51-83404D44C2AF}.Debug|x64.ActiveCfg = Debug|x64
		{0DDD635F-4B59-4689-AE51-83404D44C2AF}.Debug|x64.Build.0 = Debug|x64
		{0DDD635F-4B59-4689-AE51-83404D44C2AF}.Debug|x86.ActiveCfg = Debug|x86
		{0DDD635F-4B59-4689-AE51-83404D44C2AF}.Debug|x86.Build.0 = Debug|x86
		{0DDD635F-4B59-4689-AE51-83404D44C2AF}.Release|Any CPU.ActiveCfg = Release|Any CPU
		{0DDD635F-4B59-4689-AE51-83404D44C2AF}.Release|Any CPU.Build.0 = Release|Any CPU
		{0DDD635F-4B59-4689-AE51-83404D44C2AF}.Release|ARM.ActiveCfg = Release|ARM
		{0DDD635F-4B59-4689-AE51-83404D44C2AF}.Release|ARM.Build.0 = Release|ARM
		{0DDD635F-4B59-4689-AE51-83404D44C2AF}.Release|x64.ActiveCfg = Release|x64
		{0DDD635F-4B59-4689-AE51-83404D44C2AF}.Release|x64.Build.0 = Release|x64
		{0DDD635F-4B59-4689-AE51-83404D44C2AF}.Release|x86.ActiveCfg = Release|x86
		{0DDD635F-4B59-4689-AE51-83404D44C2AF}.Release|x86.Build.0 = Release|x86
		{62110201-8027-4665-B07A-16DC74CB48D9}.Debug|Any CPU.ActiveCfg = Debug|Any CPU
		{62110201-8027-4665-B07A-16DC74CB48D9}.Debug|Any CPU.Build.0 = Debug|Any CPU
		{62110201-8027-4665-B07A-16DC74CB48D9}.Debug|ARM.ActiveCfg = Debug|ARM
		{62110201-8027-4665-B07A-16DC74CB48D9}.Debug|ARM.Build.0 = Debug|ARM
		{62110201-8027-4665-B07A-16DC74CB48D9}.Debug|x64.ActiveCfg = Debug|x64
		{62110201-8027-4665-B07A-16DC74CB48D9}.Debug|x64.Build.0 = Debug|x64
		{62110201-8027-4665-B07A-16DC74CB48D9}.Debug|x86.ActiveCfg = Debug|x86
		{62110201-8027-4665-B07A-16DC74CB48D9}.Debug|x86.Build.0 = Debug|x86
		{62110201-8027-4665-B07A-16DC74CB48D9}.Release|Any CPU.ActiveCfg = Release|Any CPU
		{62110201-8027-4665-B07A-16DC74CB48D9}.Release|Any CPU.Build.0 = Release|Any CPU
		{62110201-8027-4665-B07A-16DC74CB48D9}.Release|ARM.ActiveCfg = Release|ARM
		{62110201-8027-4665-B07A-16DC74CB48D9}.Release|ARM.Build.0 = Release|ARM
		{62110201-8027-4665-B07A-16DC74CB48D9}.Release|x64.ActiveCfg = Release|x64
		{62110201-8027-4665-B07A-16DC74CB48D9}.Release|x64.Build.0 = Release|x64
		{62110201-8027-4665-B07A-16DC74CB48D9}.Release|x86.ActiveCfg = Release|x86
		{62110201-8027-4665-B07A-16DC74CB48D9}.Release|x86.Build.0 = Release|x86
		{3C78C63F-DB30-453B-91D6-E02389B70361}.Debug|Any CPU.ActiveCfg = Debug|Any CPU
		{3C78C63F-DB30-453B-91D6-E02389B70361}.Debug|Any CPU.Build.0 = Debug|Any CPU
		{3C78C63F-DB30-453B-91D6-E02389B70361}.Debug|ARM.ActiveCfg = Debug|ARM
		{3C78C63F-DB30-453B-91D6-E02389B70361}.Debug|ARM.Build.0 = Debug|ARM
		{3C78C63F-DB30-453B-91D6-E02389B70361}.Debug|x64.ActiveCfg = Debug|x64
		{3C78C63F-DB30-453B-91D6-E02389B70361}.Debug|x64.Build.0 = Debug|x64
		{3C78C63F-DB30-453B-91D6-E02389B70361}.Debug|x86.ActiveCfg = Debug|x86
		{3C78C63F-DB30-453B-91D6-E02389B70361}.Debug|x86.Build.0 = Debug|x86
		{3C78C63F-DB30-453B-91D6-E02389B70361}.Release|Any CPU.ActiveCfg = Release|Any CPU
		{3C78C63F-DB30-453B-91D6-E02389B70361}.Release|Any CPU.Build.0 = Release|Any CPU
		{3C78C63F-DB30-453B-91D6-E02389B70361}.Release|ARM.ActiveCfg = Release|ARM
		{3C78C63F-DB30-453B-91D6-E02389B70361}.Release|ARM.Build.0 = Release|ARM
		{3C78C63F-DB30-453B-91D6-E02389B70361}.Release|x64.ActiveCfg = Release|x64
		{3C78C63F-DB30-453B-91D6-E02389B70361}.Release|x64.Build.0 = Release|x64
		{3C78C63F-DB30-453B-91D6-E02389B70361}.Release|x86.ActiveCfg = Release|x86
		{3C78C63F-DB30-453B-91D6-E02389B70361}.Release|x86.Build.0 = Release|x86
		{F6C9E8A0-E8C4-45FD-9A93-6ACC213348C6}.Debug|Any CPU.ActiveCfg = Debug|x86
		{F6C9E8A0-E8C4-45FD-9A93-6ACC213348C6}.Debug|Any CPU.Build.0 = Debug|x86
		{F6C9E8A0-E8C4-45FD-9A93-6ACC213348C6}.Debug|Any CPU.Deploy.0 = Debug|x86
		{F6C9E8A0-E8C4-45FD-9A93-6ACC213348C6}.Debug|ARM.ActiveCfg = Debug|ARM
		{F6C9E8A0-E8C4-45FD-9A93-6ACC213348C6}.Debug|ARM.Build.0 = Debug|ARM
		{F6C9E8A0-E8C4-45FD-9A93-6ACC213348C6}.Debug|ARM.Deploy.0 = Debug|ARM
		{F6C9E8A0-E8C4-45FD-9A93-6ACC213348C6}.Debug|x64.ActiveCfg = Debug|x64
		{F6C9E8A0-E8C4-45FD-9A93-6ACC213348C6}.Debug|x64.Build.0 = Debug|x64
		{F6C9E8A0-E8C4-45FD-9A93-6ACC213348C6}.Debug|x64.Deploy.0 = Debug|x64
		{F6C9E8A0-E8C4-45FD-9A93-6ACC213348C6}.Debug|x86.ActiveCfg = Debug|x86
		{F6C9E8A0-E8C4-45FD-9A93-6ACC213348C6}.Debug|x86.Build.0 = Debug|x86
		{F6C9E8A0-E8C4-45FD-9A93-6ACC213348C6}.Debug|x86.Deploy.0 = Debug|x86
		{F6C9E8A0-E8C4-45FD-9A93-6ACC213348C6}.Release|Any CPU.ActiveCfg = Release|x86
		{F6C9E8A0-E8C4-45FD-9A93-6ACC213348C6}.Release|ARM.ActiveCfg = Release|ARM
		{F6C9E8A0-E8C4-45FD-9A93-6ACC213348C6}.Release|ARM.Build.0 = Release|ARM
		{F6C9E8A0-E8C4-45FD-9A93-6ACC213348C6}.Release|ARM.Deploy.0 = Release|ARM
		{F6C9E8A0-E8C4-45FD-9A93-6ACC213348C6}.Release|x64.ActiveCfg = Release|x64
		{F6C9E8A0-E8C4-45FD-9A93-6ACC213348C6}.Release|x64.Build.0 = Release|x64
		{F6C9E8A0-E8C4-45FD-9A93-6ACC213348C6}.Release|x64.Deploy.0 = Release|x64
		{F6C9E8A0-E8C4-45FD-9A93-6ACC213348C6}.Release|x86.ActiveCfg = Release|x86
		{F6C9E8A0-E8C4-45FD-9A93-6ACC213348C6}.Release|x86.Build.0 = Release|x86
		{F6C9E8A0-E8C4-45FD-9A93-6ACC213348C6}.Release|x86.Deploy.0 = Release|x86
		{C1DFD3EE-E8C0-4CB5-8B44-A53D50AC2F8D}.Debug|Any CPU.ActiveCfg = Debug|Any CPU
		{C1DFD3EE-E8C0-4CB5-8B44-A53D50AC2F8D}.Debug|Any CPU.Build.0 = Debug|Any CPU
		{C1DFD3EE-E8C0-4CB5-8B44-A53D50AC2F8D}.Debug|ARM.ActiveCfg = Debug|ARM
		{C1DFD3EE-E8C0-4CB5-8B44-A53D50AC2F8D}.Debug|ARM.Build.0 = Debug|ARM
		{C1DFD3EE-E8C0-4CB5-8B44-A53D50AC2F8D}.Debug|x64.ActiveCfg = Debug|x64
		{C1DFD3EE-E8C0-4CB5-8B44-A53D50AC2F8D}.Debug|x64.Build.0 = Debug|x64
		{C1DFD3EE-E8C0-4CB5-8B44-A53D50AC2F8D}.Debug|x86.ActiveCfg = Debug|x86
		{C1DFD3EE-E8C0-4CB5-8B44-A53D50AC2F8D}.Debug|x86.Build.0 = Debug|x86
		{C1DFD3EE-E8C0-4CB5-8B44-A53D50AC2F8D}.Release|Any CPU.ActiveCfg = Release|Any CPU
		{C1DFD3EE-E8C0-4CB5-8B44-A53D50AC2F8D}.Release|Any CPU.Build.0 = Release|Any CPU
		{C1DFD3EE-E8C0-4CB5-8B44-A53D50AC2F8D}.Release|ARM.ActiveCfg = Release|ARM
		{C1DFD3EE-E8C0-4CB5-8B44-A53D50AC2F8D}.Release|ARM.Build.0 = Release|ARM
		{C1DFD3EE-E8C0-4CB5-8B44-A53D50AC2F8D}.Release|x64.ActiveCfg = Release|x64
		{C1DFD3EE-E8C0-4CB5-8B44-A53D50AC2F8D}.Release|x64.Build.0 = Release|x64
		{C1DFD3EE-E8C0-4CB5-8B44-A53D50AC2F8D}.Release|x86.ActiveCfg = Release|x86
		{C1DFD3EE-E8C0-4CB5-8B44-A53D50AC2F8D}.Release|x86.Build.0 = Release|x86
		{E9FDE2FF-EA43-4C6D-8082-A433C92FE2AA}.Debug|Any CPU.ActiveCfg = Debug|Any CPU
		{E9FDE2FF-EA43-4C6D-8082-A433C92FE2AA}.Debug|Any CPU.Build.0 = Debug|Any CPU
		{E9FDE2FF-EA43-4C6D-8082-A433C92FE2AA}.Debug|ARM.ActiveCfg = Debug|Any CPU
		{E9FDE2FF-EA43-4C6D-8082-A433C92FE2AA}.Debug|ARM.Build.0 = Debug|Any CPU
		{E9FDE2FF-EA43-4C6D-8082-A433C92FE2AA}.Debug|x64.ActiveCfg = Debug|Any CPU
		{E9FDE2FF-EA43-4C6D-8082-A433C92FE2AA}.Debug|x64.Build.0 = Debug|Any CPU
		{E9FDE2FF-EA43-4C6D-8082-A433C92FE2AA}.Debug|x86.ActiveCfg = Debug|Any CPU
		{E9FDE2FF-EA43-4C6D-8082-A433C92FE2AA}.Debug|x86.Build.0 = Debug|Any CPU
		{E9FDE2FF-EA43-4C6D-8082-A433C92FE2AA}.Release|Any CPU.ActiveCfg = Release|Any CPU
		{E9FDE2FF-EA43-4C6D-8082-A433C92FE2AA}.Release|Any CPU.Build.0 = Release|Any CPU
		{E9FDE2FF-EA43-4C6D-8082-A433C92FE2AA}.Release|ARM.ActiveCfg = Release|Any CPU
		{E9FDE2FF-EA43-4C6D-8082-A433C92FE2AA}.Release|ARM.Build.0 = Release|Any CPU
		{E9FDE2FF-EA43-4C6D-8082-A433C92FE2AA}.Release|x64.ActiveCfg = Release|Any CPU
		{E9FDE2FF-EA43-4C6D-8082-A433C92FE2AA}.Release|x64.Build.0 = Release|Any CPU
		{E9FDE2FF-EA43-4C6D-8082-A433C92FE2AA}.Release|x86.ActiveCfg = Release|Any CPU
		{E9FDE2FF-EA43-4C6D-8082-A433C92FE2AA}.Release|x86.Build.0 = Release|Any CPU
	EndGlobalSection
	GlobalSection(SolutionProperties) = preSolution
		HideSolutionNode = FALSE
	EndGlobalSection
EndGlobal
